Microsoft Visual Studio Solution File, Format Version 12.00
# Visual Studio Version 17
VisualStudioVersion = 17.5.2.0
MinimumVisualStudioVersion = 10.0.40219.1
Project("{FAE04EC0-301F-11D3-BF4B-00C04F79EFBC}") = "DotNetWebApp", "DotNetWebApp.csproj", "{DE8ECBAD-D0A0-4401-916E-35191618BDA6}"
EndProject
Global
	GlobalSection(SolutionConfigurationPlatforms) = preSolution
		Debug|Any CPU = Debug|Any CPU
		Release|Any CPU = Release|Any CPU
	EndGlobalSection
	GlobalSection(ProjectConfigurationPlatforms) = postSolution
		{DE8ECBAD-D0A0-4401-916E-35191618BDA6}.Debug|Any CPU.ActiveCfg = Debug|Any CPU
		{DE8ECBAD-D0A0-4401-916E-35191618BDA6}.Debug|Any CPU.Build.0 = Debug|Any CPU
		{DE8ECBAD-D0A0-4401-916E-35191618BDA6}.Release|Any CPU.ActiveCfg = Release|Any CPU
		{DE8ECBAD-D0A0-4401-916E-35191618BDA6}.Release|Any CPU.Build.0 = Release|Any CPU
	EndGlobalSection
	GlobalSection(SolutionProperties) = preSolution
		HideSolutionNode = FALSE
	EndGlobalSection
	GlobalSection(ExtensibilityGlobals) = postSolution
		SolutionGuid = {402BF60C-2D93-4348-B3C4-6E7DDDC69CC9}
	EndGlobalSection
EndGlobal
